
Microsoft Visual Studio Solution File, Format Version 12.00
# Visual Studio 15
VisualStudioVersion = 15.0.28307.1169
MinimumVisualStudioVersion = 10.0.40219.1
Project("{FAE04EC0-301F-11D3-BF4B-00C04F79EFBC}") = "CodeFirst Projesi", "CodeFirst Projesi\CodeFirst Projesi.csproj", "{89B6BE57-39F9-49BC-8E4F-61105E239ABF}"
EndProject
Global
	GlobalSection(SolutionConfigurationPlatforms) = preSolution
		Debug|Any CPU = Debug|Any CPU
		Release|Any CPU = Release|Any CPU
	EndGlobalSection
	GlobalSection(ProjectConfigurationPlatforms) = postSolution
		{89B6BE57-39F9-49BC-8E4F-61105E239ABF}.Debug|Any CPU.ActiveCfg = Debug|Any CPU
		{89B6BE57-39F9-49BC-8E4F-61105E239ABF}.Debug|Any CPU.Build.0 = Debug|Any CPU
		{89B6BE57-39F9-49BC-8E4F-61105E239ABF}.Release|Any CPU.ActiveCfg = Release|Any CPU
		{89B6BE57-39F9-49BC-8E4F-61105E239ABF}.Release|Any CPU.Build.0 = Release|Any CPU
	EndGlobalSection
	GlobalSection(SolutionProperties) = preSolution
		HideSolutionNode = FALSE
	EndGlobalSection
	GlobalSection(ExtensibilityGlobals) = postSolution
		SolutionGuid = {BBC849A9-85FA-4986-A4EE-F0F9AEAA6410}
	EndGlobalSection
EndGlobal
